{
  "name": "practice",
  "version": "1.0.0",
  "lockfileVersion": 2,
  "requires": true,
  "packages": {
    "": {
      "name": "practice",
      "version": "1.0.0",
      "license": "ISC",
      "devDependencies": {
        "nodemon": "file:..."
      }
    },
    "...": {
      "dev": true
    },
    "node_modules/nodemon": {
      "resolved": "...",
      "link": true
    }
  },
  "dependencies": {
    "nodemon": {
      "version": "file:..."
    }
  }
}
